
Microsoft Visual Studio Solution File, Format Version 12.00
# Visual Studio Version 17
VisualStudioVersion = 17.7.34024.191
MinimumVisualStudioVersion = 10.0.40219.1
Project("{9A19103F-16F7-4668-BE54-9A1E7A4F7556}") = "Reenbit_TestTask.Server", "Reenbit_TestTask\Server\Reenbit_TestTask.Server.csproj", "{7DDFA78F-A498-462A-AD30-5508F17D1C2F}"
EndProject
Project("{9A19103F-16F7-4668-BE54-9A1E7A4F7556}") = "Reenbit_TestTask.Client", "Reenbit_TestTask\Client\Reenbit_TestTask.Client.csproj", "{9D995C19-B318-4822-88C1-9C05D908EA4A}"
EndProject
Project("{9A19103F-16F7-4668-BE54-9A1E7A4F7556}") = "Reenbit_TestTask.Shared", "Reenbit_TestTask\Shared\Reenbit_TestTask.Shared.csproj", "{5F69D292-7BC9-416E-A377-144655BE52EA}"
EndProject
Project("{9A19103F-16F7-4668-BE54-9A1E7A4F7556}") = "Reenbit_TestTask.FunctionApp", "Reenbit_TestTask.FunctionApp\Reenbit_TestTask.FunctionApp.csproj", "{9EAC7055-470D-4C09-A659-9054F34F0D7F}"
EndProject
Project("{2150E333-8FDC-42A3-9474-1A3956D46DE8}") = "src", "src", "{EF443C47-0F28-4BD0-8433-9D8B55ED8DE5}"
EndProject
Project("{2150E333-8FDC-42A3-9474-1A3956D46DE8}") = "tests", "tests", "{40C29058-6FFF-4787-B55D-DBEC5D22C364}"
EndProject
Project("{9A19103F-16F7-4668-BE54-9A1E7A4F7556}") = "Reenbit_TestTask.Server.Tests.Unit", "Reenbit_TestTask.Server.Tests.Unit\Reenbit_TestTask.Server.Tests.Unit.csproj", "{545E5746-D7D2-4B5A-9F9B-B4F1C646E3D6}"
EndProject
Global
	GlobalSection(SolutionConfigurationPlatforms) = preSolution
		Debug|Any CPU = Debug|Any CPU
		Release|Any CPU = Release|Any CPU
	EndGlobalSection
	GlobalSection(ProjectConfigurationPlatforms) = postSolution
		{7DDFA78F-A498-462A-AD30-5508F17D1C2F}.Debug|Any CPU.ActiveCfg = Debug|Any CPU
		{7DDFA78F-A498-462A-AD30-5508F17D1C2F}.Debug|Any CPU.Build.0 = Debug|Any CPU
		{7DDFA78F-A498-462A-AD30-5508F17D1C2F}.Release|Any CPU.ActiveCfg = Release|Any CPU
		{7DDFA78F-A498-462A-AD30-5508F17D1C2F}.Release|Any CPU.Build.0 = Release|Any CPU
		{9D995C19-B318-4822-88C1-9C05D908EA4A}.Debug|Any CPU.ActiveCfg = Debug|Any CPU
		{9D995C19-B318-4822-88C1-9C05D908EA4A}.Debug|Any CPU.Build.0 = Debug|Any CPU
		{9D995C19-B318-4822-88C1-9C05D908EA4A}.Release|Any CPU.ActiveCfg = Release|Any CPU
		{9D995C19-B318-4822-88C1-9C05D908EA4A}.Release|Any CPU.Build.0 = Release|Any CPU
		{5F69D292-7BC9-416E-A377-144655BE52EA}.Debug|Any CPU.ActiveCfg = Debug|Any CPU
		{5F69D292-7BC9-416E-A377-144655BE52EA}.Debug|Any CPU.Build.0 = Debug|Any CPU
		{5F69D292-7BC9-416E-A377-144655BE52EA}.Release|Any CPU.ActiveCfg = Release|Any CPU
		{5F69D292-7BC9-416E-A377-144655BE52EA}.Release|Any CPU.Build.0 = Release|Any CPU
		{9EAC7055-470D-4C09-A659-9054F34F0D7F}.Debug|Any CPU.ActiveCfg = Debug|Any CPU
		{9EAC7055-470D-4C09-A659-9054F34F0D7F}.Debug|Any CPU.Build.0 = Debug|Any CPU
		{9EAC7055-470D-4C09-A659-9054F34F0D7F}.Release|Any CPU.ActiveCfg = Release|Any CPU
		{9EAC7055-470D-4C09-A659-9054F34F0D7F}.Release|Any CPU.Build.0 = Release|Any CPU
		{545E5746-D7D2-4B5A-9F9B-B4F1C646E3D6}.Debug|Any CPU.ActiveCfg = Debug|Any CPU
		{545E5746-D7D2-4B5A-9F9B-B4F1C646E3D6}.Debug|Any CPU.Build.0 = Debug|Any CPU
		{545E5746-D7D2-4B5A-9F9B-B4F1C646E3D6}.Release|Any CPU.ActiveCfg = Release|Any CPU
		{545E5746-D7D2-4B5A-9F9B-B4F1C646E3D6}.Release|Any CPU.Build.0 = Release|Any CPU
	EndGlobalSection
	GlobalSection(SolutionProperties) = preSolution
		HideSolutionNode = FALSE
	EndGlobalSection
	GlobalSection(NestedProjects) = preSolution
		{7DDFA78F-A498-462A-AD30-5508F17D1C2F} = {EF443C47-0F28-4BD0-8433-9D8B55ED8DE5}
		{9D995C19-B318-4822-88C1-9C05D908EA4A} = {EF443C47-0F28-4BD0-8433-9D8B55ED8DE5}
		{5F69D292-7BC9-416E-A377-144655BE52EA} = {EF443C47-0F28-4BD0-8433-9D8B55ED8DE5}
		{9EAC7055-470D-4C09-A659-9054F34F0D7F} = {EF443C47-0F28-4BD0-8433-9D8B55ED8DE5}
		{545E5746-D7D2-4B5A-9F9B-B4F1C646E3D6} = {40C29058-6FFF-4787-B55D-DBEC5D22C364}
	EndGlobalSection
	GlobalSection(ExtensibilityGlobals) = postSolution
		SolutionGuid = {E86E8FD9-0A94-4351-B578-3E6143CBDC09}
	EndGlobalSection
EndGlobal
